
Microsoft Visual Studio Solution File, Format Version 12.00
# Visual Studio Version 16
VisualStudioVersion = 16.0.30611.23
MinimumVisualStudioVersion = 10.0.40219.1
Project("{FAE04EC0-301F-11D3-BF4B-00C04F79EFBC}") = "WindowsFormsApp1", "WindowsFormsApp1\WindowsFormsApp1.csproj", "{FEB95801-CD41-4471-85D3-343748D75BE6}"
EndProject
Global
	GlobalSection(SolutionConfigurationPlatforms) = preSolution
		Debug|Any CPU = Debug|Any CPU
		Release|Any CPU = Release|Any CPU
	EndGlobalSection
	GlobalSection(ProjectConfigurationPlatforms) = postSolution
		{FEB95801-CD41-4471-85D3-343748D75BE6}.Debug|Any CPU.ActiveCfg = Debug|Any CPU
		{FEB95801-CD41-4471-85D3-343748D75BE6}.Debug|Any CPU.Build.0 = Debug|Any CPU
		{FEB95801-CD41-4471-85D3-343748D75BE6}.Release|Any CPU.ActiveCfg = ReleaseFast|Any CPU
		{FEB95801-CD41-4471-85D3-343748D75BE6}.Release|Any CPU.Build.0 = ReleaseFast|Any CPU
	EndGlobalSection
	GlobalSection(SolutionProperties) = preSolution
		HideSolutionNode = FALSE
	EndGlobalSection
	GlobalSection(ExtensibilityGlobals) = postSolution
		SolutionGuid = {F4C323AE-8539-4835-B3E0-CFB8D4988930}
	EndGlobalSection
EndGlobal
